// !$*UTF8*$!
{
	archiveVersion = 1;
	classes = {
	};
	objectVersion = 46;
	objects = {

/* Begin PBXBuildFile section */
		00FFF8591E09977500015C59 /* AppDelegate.swift in Sources */ = {isa = PBXBuildFile; fileRef = 00FFF8581E09977500015C59 /* AppDelegate.swift */; };
		00FFF85B1E09977500015C59 /* ViewController.swift in Sources */ = {isa = PBXBuildFile; fileRef = 00FFF85A1E09977500015C59 /* ViewController.swift */; };
		00FFF85E1E09977500015C59 /* Main.storyboard in Resources */ = {isa = PBXBuildFile; fileRef = 00FFF85C1E09977500015C59 /* Main.storyboard */; };
		00FFF8601E09977500015C59 /* Assets.xcassets in Resources */ = {isa = PBXBuildFile; fileRef = 00FFF85F1E09977500015C59 /* Assets.xcassets */; };
		00FFF8631E09977500015C59 /* LaunchScreen.storyboard in Resources */ = {isa = PBXBuildFile; fileRef = 00FFF8611E09977500015C59 /* LaunchScreen.storyboard */; };
		00FFF8821E09992E00015C59 /* Media.xcassets in Resources */ = {isa = PBXBuildFile; fileRef = 00FFF86C1E09992E00015C59 /* Media.xcassets */; };
		00FFF8831E09992E00015C59 /* SwiftWebVC.strings in Resources */ = {isa = PBXBuildFile; fileRef = 00FFF86E1E09992E00015C59 /* SwiftWebVC.strings */; };
		00FFF8841E09992E00015C59 /* SwiftModalWebVC.swift in Sources */ = {isa = PBXBuildFile; fileRef = 00FFF87A1E09992E00015C59 /* SwiftModalWebVC.swift */; };
		00FFF8851E09992E00015C59 /* SwiftWebVC.swift in Sources */ = {isa = PBXBuildFile; fileRef = 00FFF87B1E09992E00015C59 /* SwiftWebVC.swift */; };
		00FFF8861E09992E00015C59 /* SwiftWebVCActivityChrome.swift in Sources */ = {isa = PBXBuildFile; fileRef = 00FFF87E1E09992E00015C59 /* SwiftWebVCActivityChrome.swift */; };
		00FFF8871E09992E00015C59 /* SwiftWebVCActivitySafari.swift in Sources */ = {isa = PBXBuildFile; fileRef = 00FFF8801E09992E00015C59 /* SwiftWebVCActivitySafari.swift */; };
		00FFF8881E09992E00015C59 /* SwiftWebVCActivity.swift in Sources */ = {isa = PBXBuildFile; fileRef = 00FFF8811E09992E00015C59 /* SwiftWebVCActivity.swift */; };
/* End PBXBuildFile section */

/* Begin PBXFileReference section */
		00FFF8551E09977500015C59 /* SwiftWebVCExample.app */ = {isa = PBXFileReference; explicitFileType = wrapper.application; includeInIndex = 0; path = SwiftWebVCExample.app; sourceTree = BUILT_PRODUCTS_DIR; };
		00FFF8581E09977500015C59 /* AppDelegate.swift */ = {isa = PBXFileReference; lastKnownFileType = sourcecode.swift; path = AppDelegate.swift; sourceTree = "<group>"; };
		00FFF85A1E09977500015C59 /* ViewController.swift */ = {isa = PBXFileReference; lastKnownFileType = sourcecode.swift; path = ViewController.swift; sourceTree = "<group>"; };
		00FFF85D1E09977500015C59 /* Base */ = {isa = PBXFileReference; lastKnownFileType = file.storyboard; name = Base; path = Base.lproj/Main.storyboard; sourceTree = "<group>"; };
		00FFF85F1E09977500015C59 /* Assets.xcassets */ = {isa = PBXFileReference; lastKnownFileType = folder.assetcatalog; path = Assets.xcassets; sourceTree = "<group>"; };
		00FFF8621E09977500015C59 /* Base */ = {isa = PBXFileReference; lastKnownFileType = file.storyboard; name = Base; path = Base.lproj/LaunchScreen.storyboard; sourceTree = "<group>"; };
		00FFF8641E09977500015C59 /* Info.plist */ = {isa = PBXFileReference; lastKnownFileType = text.plist.xml; path = Info.plist; sourceTree = "<group>"; };
		00FFF86C1E09992E00015C59 /* Media.xcassets */ = {isa = PBXFileReference; lastKnownFileType = folder.assetcatalog; path = Media.xcassets; sourceTree = "<group>"; };
		00FFF86F1E09992E00015C59 /* da */ = {isa = PBXFileReference; lastKnownFileType = text.plist.strings; name = da; path = da.lproj/SwiftWebVC.strings; sourceTree = "<group>"; };
		00FFF8701E09992E00015C59 /* de */ = {isa = PBXFileReference; lastKnownFileType = text.plist.strings; name = de; path = de.lproj/SwiftWebVC.strings; sourceTree = "<group>"; };
		00FFF8711E09992E00015C59 /* en */ = {isa = PBXFileReference; lastKnownFileType = text.plist.strings; name = en; path = en.lproj/SwiftWebVC.strings; sourceTree = "<group>"; };
		00FFF8721E09992E00015C59 /* es-ES */ = {isa = PBXFileReference; lastKnownFileType = text.plist.strings; name = "es-ES"; path = "es-ES.lproj/SwiftWebVC.strings"; sourceTree = "<group>"; };
		00FFF8731E09992E00015C59 /* es */ = {isa = PBXFileReference; lastKnownFileType = text.plist.strings; name = es; path = es.lproj/SwiftWebVC.strings; sourceTree = "<group>"; };
		00FFF8741E09992E00015C59 /* fr */ = {isa = PBXFileReference; lastKnownFileType = text.plist.strings; name = fr; path = fr.lproj/SwiftWebVC.strings; sourceTree = "<group>"; };
		00FFF8751E09992E00015C59 /* ja */ = {isa = PBXFileReference; lastKnownFileType = text.plist.strings; name = ja; path = ja.lproj/SwiftWebVC.strings; sourceTree = "<group>"; };
		00FFF8761E09992E00015C59 /* pt */ = {isa = PBXFileReference; lastKnownFileType = text.plist.strings; name = pt; path = pt.lproj/SwiftWebVC.strings; sourceTree = "<group>"; };
		00FFF8771E09992E00015C59 /* vi */ = {isa = PBXFileReference; lastKnownFileType = text.plist.strings; name = vi; path = vi.lproj/SwiftWebVC.strings; sourceTree = "<group>"; };
		00FFF8781E09992E00015C59 /* zh-Hans */ = {isa = PBXFileReference; lastKnownFileType = text.plist.strings; name = "zh-Hans"; path = "zh-Hans.lproj/SwiftWebVC.strings"; sourceTree = "<group>"; };
		00FFF8791E09992E00015C59 /* zh-Hant */ = {isa = PBXFileReference; lastKnownFileType = text.plist.strings; name = "zh-Hant"; path = "zh-Hant.lproj/SwiftWebVC.strings"; sourceTree = "<group>"; };
		00FFF87A1E09992E00015C59 /* SwiftModalWebVC.swift */ = {isa = PBXFileReference; fileEncoding = 4; lastKnownFileType = sourcecode.swift; path = SwiftModalWebVC.swift; sourceTree = "<group>"; };
		00FFF87B1E09992E00015C59 /* SwiftWebVC.swift */ = {isa = PBXFileReference; fileEncoding = 4; lastKnownFileType = sourcecode.swift; path = SwiftWebVC.swift; sourceTree = "<group>"; };
		00FFF87E1E09992E00015C59 /* SwiftWebVCActivityChrome.swift */ = {isa = PBXFileReference; fileEncoding = 4; lastKnownFileType = sourcecode.swift; path = SwiftWebVCActivityChrome.swift; sourceTree = "<group>"; };
		00FFF8801E09992E00015C59 /* SwiftWebVCActivitySafari.swift */ = {isa = PBXFileReference; fileEncoding = 4; lastKnownFileType = sourcecode.swift; path = SwiftWebVCActivitySafari.swift; sourceTree = "<group>"; };
		00FFF8811E09992E00015C59 /* SwiftWebVCActivity.swift */ = {isa = PBXFileReference; fileEncoding = 4; lastKnownFileType = sourcecode.swift; path = SwiftWebVCActivity.swift; sourceTree = "<group>"; };
/* End PBXFileReference section */

/* Begin PBXFrameworksBuildPhase section */
		00FFF8521E09977500015C59 /* Frameworks */ = {
			isa = PBXFrameworksBuildPhase;
			buildActionMask = 2147483647;
			files = (
			);
			runOnlyForDeploymentPostprocessing = 0;
		};
/* End PBXFrameworksBuildPhase section */

/* Begin PBXGroup section */
		00FFF84C1E09977500015C59 = {
			isa = PBXGroup;
			children = (
				00FFF8571E09977500015C59 /* SwiftWebVCExample */,
				00FFF86A1E09992E00015C59 /* SwiftWebVC */,
				00FFF8561E09977500015C59 /* Products */,
			);
			sourceTree = "<group>";
		};
		00FFF8561E09977500015C59 /* Products */ = {
			isa = PBXGroup;
			children = (
				00FFF8551E09977500015C59 /* SwiftWebVCExample.app */,
			);
			name = Products;
			sourceTree = "<group>";
		};
		00FFF8571E09977500015C59 /* SwiftWebVCExample */ = {
			isa = PBXGroup;
			children = (
				00FFF8581E09977500015C59 /* AppDelegate.swift */,
				00FFF85A1E09977500015C59 /* ViewController.swift */,
				00FFF85C1E09977500015C59 /* Main.storyboard */,
				00FFF85F1E09977500015C59 /* Assets.xcassets */,
				00FFF8611E09977500015C59 /* LaunchScreen.storyboard */,
				00FFF8641E09977500015C59 /* Info.plist */,
			);
			path = SwiftWebVCExample;
			sourceTree = "<group>";
		};
		00FFF86A1E09992E00015C59 /* SwiftWebVC */ = {
			isa = PBXGroup;
			children = (
				00FFF86B1E09992E00015C59 /* Assets */,
				00FFF86D1E09992E00015C59 /* Strings */,
				00FFF87A1E09992E00015C59 /* SwiftModalWebVC.swift */,
				00FFF87B1E09992E00015C59 /* SwiftWebVC.swift */,
				00FFF87C1E09992E00015C59 /* UIActivities */,
			);
			name = SwiftWebVC;
			path = ../SwiftWebVC;
			sourceTree = "<group>";
		};
		00FFF86B1E09992E00015C59 /* Assets */ = {
			isa = PBXGroup;
			children = (
				00FFF86C1E09992E00015C59 /* Media.xcassets */,
			);
			path = Assets;
			sourceTree = "<group>";
		};
		00FFF86D1E09992E00015C59 /* Strings */ = {
			isa = PBXGroup;
			children = (
				00FFF86E1E09992E00015C59 /* SwiftWebVC.strings */,
			);
			path = Strings;
			sourceTree = "<group>";
		};
		00FFF87C1E09992E00015C59 /* UIActivities */ = {
			isa = PBXGroup;
			children = (
				00FFF87D1E09992E00015C59 /* Chrome */,
				00FFF87F1E09992E00015C59 /* Safari */,
				00FFF8811E09992E00015C59 /* SwiftWebVCActivity.swift */,
			);
			path = UIActivities;
			sourceTree = "<group>";
		};
		00FFF87D1E09992E00015C59 /* Chrome */ = {
			isa = PBXGroup;
			children = (
				00FFF87E1E09992E00015C59 /* SwiftWebVCActivityChrome.swift */,
			);
			path = Chrome;
			sourceTree = "<group>";
		};
		00FFF87F1E09992E00015C59 /* Safari */ = {
			isa = PBXGroup;
			children = (
				00FFF8801E09992E00015C59 /* SwiftWebVCActivitySafari.swift */,
			);
			path = Safari;
			sourceTree = "<group>";
		};
/* End PBXGroup section */

/* Begin PBXNativeTarget section */
		00FFF8541E09977500015C59 /* SwiftWebVCExample */ = {
			isa = PBXNativeTarget;
			buildConfigurationList = 00FFF8671E09977500015C59 /* Build configuration list for PBXNativeTarget "SwiftWebVCExample" */;
			buildPhases = (
				00FFF8511E09977500015C59 /* Sources */,
				00FFF8521E09977500015C59 /* Frameworks */,
				00FFF8531E09977500015C59 /* Resources */,
			);
			buildRules = (
			);
			dependencies = (
			);
			name = SwiftWebVCExample;
			productName = SwiftWebVCExample;
			productReference = 00FFF8551E09977500015C59 /* SwiftWebVCExample.app */;
			productType = "com.apple.product-type.application";
		};
/* End PBXNativeTarget section */

/* Begin PBXProject section */
		00FFF84D1E09977500015C59 /* Project object */ = {
			isa = PBXProject;
			attributes = {
				LastSwiftUpdateCheck = 0820;
				LastUpgradeCheck = 0820;
				ORGANIZATIONNAME = "Myles Ringle";
				TargetAttributes = {
					00FFF8541E09977500015C59 = {
						CreatedOnToolsVersion = 8.2.1;
						ProvisioningStyle = Automatic;
					};
				};
			};
			buildConfigurationList = 00FFF8501E09977500015C59 /* Build configuration list for PBXProject "SwiftWebVCExample" */;
			compatibilityVersion = "Xcode 3.2";
			developmentRegion = English;
			hasScannedForEncodings = 0;
			knownRegions = (
				en,
				Base,
				da,
				de,
				"es-ES",
				es,
				fr,
				ja,
				pt,
				vi,
				"zh-Hans",
				"zh-Hant",
			);
			mainGroup = 00FFF84C1E09977500015C59;
			productRefGroup = 00FFF8561E09977500015C59 /* Products */;
			projectDirPath = "";
			projectRoot = "";
			targets = (
				00FFF8541E09977500015C59 /* SwiftWebVCExample */,
			);
		};
/* End PBXProject section */

/* Begin PBXResourcesBuildPhase section */
		00FFF8531E09977500015C59 /* Resources */ = {
			isa = PBXResourcesBuildPhase;
			buildActionMask = 2147483647;
			files = (
				00FFF8831E09992E00015C59 /* SwiftWebVC.strings in Resources */,
				00FFF8631E09977500015C59 /* LaunchScreen.storyboard in Resources */,
				00FFF8601E09977500015C59 /* Assets.xcassets in Resources */,
				00FFF8821E09992E00015C59 /* Media.xcassets in Resources */,
				00FFF85E1E09977500015C59 /* Main.storyboard in Resources */,
			);
			runOnlyForDeploymentPostprocessing = 0;
		};
/* End PBXResourcesBuildPhase section */

/* Begin PBXSourcesBuildPhase section */
		00FFF8511E09977500015C59 /* Sources */ = {
			isa = PBXSourcesBuildPhase;
			buildActionMask = 2147483647;
			files = (
				00FFF8871E09992E00015C59 /* SwiftWebVCActivitySafari.swift in Sources */,
				00FFF8861E09992E00015C59 /* SwiftWebVCActivityChrome.swift in Sources */,
				00FFF8841E09992E00015C59 /* SwiftModalWebVC.swift in Sources */,
				00FFF8881E09992E00015C59 /* SwiftWebVCActivity.swift in Sources */,
				00FFF85B1E09977500015C59 /* ViewController.swift in Sources */,
				00FFF8591E09977500015C59 /* AppDelegate.swift in Sources */,
				00FFF8851E09992E00015C59 /* SwiftWebVC.swift in Sources */,
			);
			runOnlyForDeploymentPostprocessing = 0;
		};
/* End PBXSourcesBuildPhase section */

/* Begin PBXVariantGroup section */
		00FFF85C1E09977500015C59 /* Main.storyboard */ = {
			isa = PBXVariantGroup;
			children = (
				00FFF85D1E09977500015C59 /* Base */,
			);
			name = Main.storyboard;
			sourceTree = "<group>";
		};
		00FFF8611E09977500015C59 /* LaunchScreen.storyboard */ = {
			isa = PBXVariantGroup;
			children = (
				00FFF8621E09977500015C59 /* Base */,
			);
			name = LaunchScreen.storyboard;
			sourceTree = "<group>";
		};
		00FFF86E1E09992E00015C59 /* SwiftWebVC.strings */ = {
			isa = PBXVariantGroup;
			children = (
				00FFF86F1E09992E00015C59 /* da */,
				00FFF8701E09992E00015C59 /* de */,
				00FFF8711E09992E00015C59 /* en */,
				00FFF8721E09992E00015C59 /* es-ES */,
				00FFF8731E09992E00015C59 /* es */,
				00FFF8741E09992E00015C59 /* fr */,
				00FFF8751E09992E00015C59 /* ja */,
				00FFF8761E09992E00015C59 /* pt */,
				00FFF8771E09992E00015C59 /* vi */,
				00FFF8781E09992E00015C59 /* zh-Hans */,
				00FFF8791E09992E00015C59 /* zh-Hant */,
			);
			name = SwiftWebVC.strings;
			sourceTree = "<group>";
		};
/* End PBXVariantGroup section */

/* Begin XCBuildConfiguration section */
		00FFF8651E09977500015C59 /* Debug */ = {
			isa = XCBuildConfiguration;
			buildSettings = {
				ALWAYS_SEARCH_USER_PATHS = NO;
				CLANG_ANALYZER_NONNULL = YES;
				CLANG_CXX_LANGUAGE_STANDARD = "gnu++0x";
				CLANG_CXX_LIBRARY = "libc++";
				CLANG_ENABLE_MODULES = YES;
				CLANG_ENABLE_OBJC_ARC = YES;
				CLANG_WARN_BOOL_CONVERSION = YES;
				CLANG_WARN_CONSTANT_CONVERSION = YES;
				CLANG_WARN_DIRECT_OBJC_ISA_USAGE = YES_ERROR;
				CLANG_WARN_DOCUMENTATION_COMMENTS = YES;
				CLANG_WARN_EMPTY_BODY = YES;
				CLANG_WARN_ENUM_CONVERSION = YES;
				CLANG_WARN_INFINITE_RECURSION = YES;
				CLANG_WARN_INT_CONVERSION = YES;
				CLANG_WARN_OBJC_ROOT_CLASS = YES_ERROR;
				CLANG_WARN_SUSPICIOUS_MOVE = YES;
				CLANG_WARN_UNREACHABLE_CODE = YES;
				CLANG_WARN__DUPLICATE_METHOD_MATCH = YES;
				"CODE_SIGN_IDENTITY[sdk=iphoneos*]" = "iPhone Developer";
				COPY_PHASE_STRIP = NO;
				DEBUG_INFORMATION_FORMAT = dwarf;
				ENABLE_STRICT_OBJC_MSGSEND = YES;
				ENABLE_TESTABILITY = YES;
				GCC_C_LANGUAGE_STANDARD = gnu99;
				GCC_DYNAMIC_NO_PIC = NO;
				GCC_NO_COMMON_BLOCKS = YES;
				GCC_OPTIMIZATION_LEVEL = 0;
				GCC_PREPROCESSOR_DEFINITIONS = (
					"DEBUG=1",
					"$(inherited)",
				);
				GCC_WARN_64_TO_32_BIT_CONVERSION = YES;
				GCC_WARN_ABOUT_RETURN_TYPE = YES_ERROR;
				GCC_WARN_UNDECLARED_SELECTOR = YES;
				GCC_WARN_UNINITIALIZED_AUTOS = YES_AGGRESSIVE;
				GCC_WARN_UNUSED_FUNCTION = YES;
				GCC_WARN_UNUSED_VARIABLE = YES;
				IPHONEOS_DEPLOYMENT_TARGET = 9.0;
				MTL_ENABLE_DEBUG_INFO = YES;
				ONLY_ACTIVE_ARCH = YES;
				SDKROOT = iphoneos;
				SWIFT_ACTIVE_COMPILATION_CONDITIONS = DEBUG;
				SWIFT_OPTIMIZATION_LEVEL = "-Onone";
				TARGETED_DEVICE_FAMILY = "1,2";
			};
			name = Debug;
		};
		00FFF8661E09977500015C59 /* Release */ = {
			isa = XCBuildConfiguration;
			buildSettings = {
				ALWAYS_SEARCH_USER_PATHS = NO;
				CLANG_ANALYZER_NONNULL = YES;
				CLANG_CXX_LANGUAGE_STANDARD = "gnu++0x";
				CLANG_CXX_LIBRARY = "libc++";
				CLANG_ENABLE_MODULES = YES;
				CLANG_ENABLE_OBJC_ARC = YES;
				CLANG_WARN_BOOL_CONVERSION = YES;
				CLANG_WARN_CONSTANT_CONVERSION = YES;
				CLANG_WARN_DIRECT_OBJC_ISA_USAGE = YES_ERROR;
				CLANG_WARN_DOCUMENTATION_COMMENTS = YES;
				CLANG_WARN_EMPTY_BODY = YES;
				CLANG_WARN_ENUM_CONVERSION = YES;
				CLANG_WARN_INFINITE_RECURSION = YES;
				CLANG_WARN_INT_CONVERSION = YES;
				CLANG_WARN_OBJC_ROOT_CLASS = YES_ERROR;
				CLANG_WARN_SUSPICIOUS_MOVE = YES;
				CLANG_WARN_UNREACHABLE_CODE = YES;
				CLANG_WARN__DUPLICATE_METHOD_MATCH = YES;
				"CODE_SIGN_IDENTITY[sdk=iphoneos*]" = "iPhone Developer";
				COPY_PHASE_STRIP = NO;
				DEBUG_INFORMATION_FORMAT = "dwarf-with-dsym";
				ENABLE_NS_ASSERTIONS = NO;
				ENABLE_STRICT_OBJC_MSGSEND = YES;
				GCC_C_LANGUAGE_STANDARD = gnu99;
				GCC_NO_COMMON_BLOCKS = YES;
				GCC_WARN_64_TO_32_BIT_CONVERSION = YES;
				GCC_WARN_ABOUT_RETURN_TYPE = YES_ERROR;
				GCC_WARN_UNDECLARED_SELECTOR = YES;
				GCC_WARN_UNINITIALIZED_AUTOS = YES_AGGRESSIVE;
				GCC_WARN_UNUSED_FUNCTION = YES;
				GCC_WARN_UNUSED_VARIABLE = YES;
				IPHONEOS_DEPLOYMENT_TARGET = 9.0;
				MTL_ENABLE_DEBUG_INFO = NO;
				SDKROOT = iphoneos;
				SWIFT_OPTIMIZATION_LEVEL = "-Owholemodule";
				TARGETED_DEVICE_FAMILY = "1,2";
				VALIDATE_PRODUCT = YES;
			};
			name = Release;
		};
		00FFF8681E09977500015C59 /* Debug */ = {
			isa = XCBuildConfiguration;
			buildSettings = {
				ASSETCATALOG_COMPILER_APPICON_NAME = AppIcon;
				INFOPLIST_FILE = SwiftWebVCExample/Info.plist;
				IPHONEOS_DEPLOYMENT_TARGET = 9.0;
				LD_RUNPATH_SEARCH_PATHS = "$(inherited) @executable_path/Frameworks";
				PRODUCT_BUNDLE_IDENTIFIER = com.swiftweb.SwiftWebVCExample;
				PRODUCT_NAME = "$(TARGET_NAME)";
				SWIFT_VERSION = 3.0;
			};
			name = Debug;
		};
		00FFF8691E09977500015C59 /* Release */ = {
			isa = XCBuildConfiguration;
			buildSettings = {
				ASSETCATALOG_COMPILER_APPICON_NAME = AppIcon;
				INFOPLIST_FILE = SwiftWebVCExample/Info.plist;
				IPHONEOS_DEPLOYMENT_TARGET = 9.0;
				LD_RUNPATH_SEARCH_PATHS = "$(inherited) @executable_path/Frameworks";
				PRODUCT_BUNDLE_IDENTIFIER = com.swiftweb.SwiftWebVCExample;
				PRODUCT_NAME = "$(TARGET_NAME)";
				SWIFT_VERSION = 3.0;
			};
			name = Release;
		};
/* End XCBuildConfiguration section */

/* Begin XCConfigurationList section */
		00FFF8501E09977500015C59 /* Build configuration list for PBXProject "SwiftWebVCExample" */ = {
			isa = XCConfigurationList;
			buildConfigurations = (
				00FFF8651E09977500015C59 /* Debug */,
				00FFF8661E09977500015C59 /* Release */,
			);
			defaultConfigurationIsVisible = 0;
			defaultConfigurationName = Release;
		};
		00FFF8671E09977500015C59 /* Build configuration list for PBXNativeTarget "SwiftWebVCExample" */ = {
			isa = XCConfigurationList;
			buildConfigurations = (
				00FFF8681E09977500015C59 /* Debug */,
				00FFF8691E09977500015C59 /* Release */,
			);
			defaultConfigurationIsVisible = 0;
			defaultConfigurationName = Release;
		};
/* End XCConfigurationList section */
	};
	rootObject = 00FFF84D1E09977500015C59 /* Project object */;
}
